
Microsoft Visual Studio Solution File, Format Version 10.00
# Visual Studio 2008
Project("{FAE04EC0-301F-11D3-BF4B-00C04F79EFBC}") = "MagicaXNAClient", "MagicaXNAClient\MagicaXNAClient.csproj", "{13BAEC0A-1513-4902-9BE9-64D879652D6D}"
EndProject
Global
	GlobalSection(SolutionConfigurationPlatforms) = preSolution
		Debug|Any CPU = Debug|Any CPU
		Debug|Mixed Platforms = Debug|Mixed Platforms
		Debug|x86 = Debug|x86
		Debug|Xbox 360 = Debug|Xbox 360
		Debug|Zune = Debug|Zune
		Release|Any CPU = Release|Any CPU
		Release|Mixed Platforms = Release|Mixed Platforms
		Release|x86 = Release|x86
		Release|Xbox 360 = Release|Xbox 360
		Release|Zune = Release|Zune
	EndGlobalSection
	GlobalSection(ProjectConfigurationPlatforms) = postSolution
		{13BAEC0A-1513-4902-9BE9-64D879652D6D}.Debug|Any CPU.ActiveCfg = Debug|x86
		{13BAEC0A-1513-4902-9BE9-64D879652D6D}.Debug|Mixed Platforms.ActiveCfg = Debug|x86
		{13BAEC0A-1513-4902-9BE9-64D879652D6D}.Debug|Mixed Platforms.Build.0 = Debug|x86
		{13BAEC0A-1513-4902-9BE9-64D879652D6D}.Debug|x86.ActiveCfg = Debug|x86
		{13BAEC0A-1513-4902-9BE9-64D879652D6D}.Debug|x86.Build.0 = Debug|x86
		{13BAEC0A-1513-4902-9BE9-64D879652D6D}.Debug|Xbox 360.ActiveCfg = Debug|x86
		{13BAEC0A-1513-4902-9BE9-64D879652D6D}.Debug|Zune.ActiveCfg = Debug|x86
		{13BAEC0A-1513-4902-9BE9-64D879652D6D}.Release|Any CPU.ActiveCfg = Release|x86
		{13BAEC0A-1513-4902-9BE9-64D879652D6D}.Release|Mixed Platforms.ActiveCfg = Release|x86
		{13BAEC0A-1513-4902-9BE9-64D879652D6D}.Release|Mixed Platforms.Build.0 = Release|x86
		{13BAEC0A-1513-4902-9BE9-64D879652D6D}.Release|x86.ActiveCfg = Release|x86
		{13BAEC0A-1513-4902-9BE9-64D879652D6D}.Release|x86.Build.0 = Release|x86
		{13BAEC0A-1513-4902-9BE9-64D879652D6D}.Release|Xbox 360.ActiveCfg = Release|x86
		{13BAEC0A-1513-4902-9BE9-64D879652D6D}.Release|Zune.ActiveCfg = Release|x86
		{ABE6CE68-6163-4BB7-8536-D4B7ACB7A61E}.Debug|Any CPU.ActiveCfg = Debug|x86
		{ABE6CE68-6163-4BB7-8536-D4B7ACB7A61E}.Debug|Mixed Platforms.ActiveCfg = Debug|x86
		{ABE6CE68-6163-4BB7-8536-D4B7ACB7A61E}.Debug|x86.ActiveCfg = Debug|x86
		{ABE6CE68-6163-4BB7-8536-D4B7ACB7A61E}.Debug|Xbox 360.ActiveCfg = Debug|x86
		{ABE6CE68-6163-4BB7-8536-D4B7ACB7A61E}.Debug|Zune.ActiveCfg = Debug|x86
		{ABE6CE68-6163-4BB7-8536-D4B7ACB7A61E}.Release|Any CPU.ActiveCfg = Release|x86
		{ABE6CE68-6163-4BB7-8536-D4B7ACB7A61E}.Release|Mixed Platforms.ActiveCfg = Release|x86
		{ABE6CE68-6163-4BB7-8536-D4B7ACB7A61E}.Release|x86.ActiveCfg = Release|x86
		{ABE6CE68-6163-4BB7-8536-D4B7ACB7A61E}.Release|Xbox 360.ActiveCfg = Release|x86
		{ABE6CE68-6163-4BB7-8536-D4B7ACB7A61E}.Release|Zune.ActiveCfg = Release|x86
	EndGlobalSection
	GlobalSection(SolutionProperties) = preSolution
		HideSolutionNode = FALSE
	EndGlobalSection
EndGlobal
